
Microsoft Visual Studio Solution File, Format Version 12.00
# Visual Studio Version 17
VisualStudioVersion = 17.3.32825.248
MinimumVisualStudioVersion = 10.0.40219.1
Project("{FAE04EC0-301F-11D3-BF4B-00C04F79EFBC}") = "Web1", "Web1\Web1.csproj", "{A8D6FBF3-8FBC-442B-9266-FF97BAB1C07E}"
EndProject
Global
	GlobalSection(SolutionConfigurationPlatforms) = preSolution
		Debug|Any CPU = Debug|Any CPU
		Release|Any CPU = Release|Any CPU
	EndGlobalSection
	GlobalSection(ProjectConfigurationPlatforms) = postSolution
		{A8D6FBF3-8FBC-442B-9266-FF97BAB1C07E}.Debug|Any CPU.ActiveCfg = Debug|Any CPU
		{A8D6FBF3-8FBC-442B-9266-FF97BAB1C07E}.Debug|Any CPU.Build.0 = Debug|Any CPU
		{A8D6FBF3-8FBC-442B-9266-FF97BAB1C07E}.Release|Any CPU.ActiveCfg = Release|Any CPU
		{A8D6FBF3-8FBC-442B-9266-FF97BAB1C07E}.Release|Any CPU.Build.0 = Release|Any CPU
	EndGlobalSection
	GlobalSection(SolutionProperties) = preSolution
		HideSolutionNode = FALSE
	EndGlobalSection
	GlobalSection(ExtensibilityGlobals) = postSolution
		SolutionGuid = {ABE5896D-FCE6-4693-9032-7EDE077648A9}
	EndGlobalSection
EndGlobal
